
Microsoft Visual Studio Solution File, Format Version 12.00
# Visual Studio Version 16
VisualStudioVersion = 16.0.32228.343
MinimumVisualStudioVersion = 10.0.40219.1
Project("{FAE04EC0-301F-11D3-BF4B-00C04F79EFBC}") = "MatriculaAcademica", "MatriculaAcademica\MatriculaAcademica.csproj", "{44509EB8-4575-4357-B322-125E8F436D48}"
EndProject
Global
	GlobalSection(SolutionConfigurationPlatforms) = preSolution
		Debug|Any CPU = Debug|Any CPU
		Release|Any CPU = Release|Any CPU
	EndGlobalSection
	GlobalSection(ProjectConfigurationPlatforms) = postSolution
		{44509EB8-4575-4357-B322-125E8F436D48}.Debug|Any CPU.ActiveCfg = Debug|Any CPU
		{44509EB8-4575-4357-B322-125E8F436D48}.Debug|Any CPU.Build.0 = Debug|Any CPU
		{44509EB8-4575-4357-B322-125E8F436D48}.Release|Any CPU.ActiveCfg = Release|Any CPU
		{44509EB8-4575-4357-B322-125E8F436D48}.Release|Any CPU.Build.0 = Release|Any CPU
	EndGlobalSection
	GlobalSection(SolutionProperties) = preSolution
		HideSolutionNode = FALSE
	EndGlobalSection
	GlobalSection(ExtensibilityGlobals) = postSolution
		SolutionGuid = {C265D044-FC7E-4B4F-8A32-15F8F7082B04}
	EndGlobalSection
EndGlobal
